{
    "name": "icon-indexer",
    "version": "1.0.0",
    "lockfileVersion": 2,
    "requires": true,
    "packages": {
        "": {
            "name": "icon-indexer",
            "version": "1.0.0",
            "license": "ISC",
            "dependencies": {
                "console-library": "file:../../Libraries/ConsoleLibrary",
                "core-library": "file:../../Libraries/CoreLibrary",
                "file-system-library": "file:../../Libraries/FileSystemLibrary"
            }
        },
        "../../Libraries/ConsoleLibrary": {
            "version": "1.0.0",
            "license": "ISC",
            "dependencies": {
                "core-library": "file:../CoreLibrary"
            }
        },
        "../../Libraries/CoreLibrary": {
            "version": "1.0.3",
            "license": "ISC",
            "dependencies": {
                "uuid": "^8.3.2"
            }
        },
        "../../Libraries/FileSystemLibrary": {
            "version": "1.0.2",
            "license": "ISC",
            "dependencies": {
                "core-library": "file:../CoreLibrary"
            }
        },
        "node_modules/console-library": {
            "resolved": "../../Libraries/ConsoleLibrary",
            "link": true
        },
        "node_modules/core-library": {
            "resolved": "../../Libraries/CoreLibrary",
            "link": true
        },
        "node_modules/file-system-library": {
            "resolved": "../../Libraries/FileSystemLibrary",
            "link": true
        }
    },
    "dependencies": {
        "console-library": {
            "version": "file:../../Libraries/ConsoleLibrary",
            "requires": {
                "core-library": "file:../CoreLibrary"
            }
        },
        "core-library": {
            "version": "file:../../Libraries/CoreLibrary",
            "requires": {
                "uuid": "^8.3.2"
            }
        },
        "file-system-library": {
            "version": "file:../../Libraries/FileSystemLibrary",
            "requires": {
                "core-library": "file:../CoreLibrary"
            }
        }
    }
}
